<?xml version="1.0" encoding="UTF-8"?>
<Project ToolsVersion="15.0" xmlns="http://schemas.microsoft.com/developer/msbuild/2003">
  <ItemGroup>
    <CustomBuild Include="C:\Users\Bendik\Documents\Skole\Datasyn\TensorBox\utils\CMakeLists.txt" />
    <CustomBuild Include="C:\Users\Bendik\Documents\Skole\Datasyn\TensorBox\utils\CMakeFiles\60b44154b06cdca7cbca0031472cb67c\copy_stitch_wrapper.rule">
      <Filter>CMake Rules</Filter>
    </CustomBuild>
  </ItemGroup>
  <ItemGroup>
    <None Include="C:\Users\Bendik\Documents\Skole\Datasyn\TensorBox\utils\CMakeFiles\copy_stitch_wrapper" />
  </ItemGroup>
  <ItemGroup>
    <Filter Include="CMake Rules">
      <UniqueIdentifier>{5D858D96-07E7-3AEE-9863-9FF54A511DF5}</UniqueIdentifier>
    </Filter>
  </ItemGroup>
</Project>
